
Microsoft Visual Studio Solution File, Format Version 12.00
# Visual Studio Version 16
VisualStudioVersion = 16.0.30011.22
MinimumVisualStudioVersion = 10.0.40219.1
Project("{8BC9CEB8-8B4A-11D0-8D11-00A0C91BC942}") = "bulder dush v.2.0(vs2019)", "bulder dush v.2.0(vs2019)\bulder dush v.2.0(vs2019).vcxproj", "{719B7838-3D18-4BE2-832B-CBC3EAD4ABDC}"
EndProject
Global
	GlobalSection(SolutionConfigurationPlatforms) = preSolution
		Debug|x64 = Debug|x64
		Debug|x86 = Debug|x86
		Release|x64 = Release|x64
		Release|x86 = Release|x86
	EndGlobalSection
	GlobalSection(ProjectConfigurationPlatforms) = postSolution
		{719B7838-3D18-4BE2-832B-CBC3EAD4ABDC}.Debug|x64.ActiveCfg = Debug|x64
		{719B7838-3D18-4BE2-832B-CBC3EAD4ABDC}.Debug|x64.Build.0 = Debug|x64
		{719B7838-3D18-4BE2-832B-CBC3EAD4ABDC}.Debug|x86.ActiveCfg = Debug|Win32
		{719B7838-3D18-4BE2-832B-CBC3EAD4ABDC}.Debug|x86.Build.0 = Debug|Win32
		{719B7838-3D18-4BE2-832B-CBC3EAD4ABDC}.Release|x64.ActiveCfg = Release|x64
		{719B7838-3D18-4BE2-832B-CBC3EAD4ABDC}.Release|x64.Build.0 = Release|x64
		{719B7838-3D18-4BE2-832B-CBC3EAD4ABDC}.Release|x86.ActiveCfg = Release|Win32
		{719B7838-3D18-4BE2-832B-CBC3EAD4ABDC}.Release|x86.Build.0 = Release|Win32
	EndGlobalSection
	GlobalSection(SolutionProperties) = preSolution
		HideSolutionNode = FALSE
	EndGlobalSection
	GlobalSection(ExtensibilityGlobals) = postSolution
		SolutionGuid = {47A0631F-962D-4114-A343-B08E0FB3DB50}
	EndGlobalSection
EndGlobal
